
Microsoft Visual Studio Solution File, Format Version 12.00
# Visual Studio Version 17
VisualStudioVersion = 17.0.32112.339
MinimumVisualStudioVersion = 10.0.40219.1
Project("{2150E333-8FDC-42A3-9474-1A3956D46DE8}") = "Modules", "Modules", "{26971F98-D29C-42FB-BC58-47F6525AAFDD}"
EndProject
Project("{2150E333-8FDC-42A3-9474-1A3956D46DE8}") = "Build-Blazor-WebAssembly", "Build-Blazor-WebAssembly", "{8CC9F803-516A-40D6-BBD9-3498A166EB97}"
EndProject
Project("{2150E333-8FDC-42A3-9474-1A3956D46DE8}") = "src", "src", "{F78C3A1D-E275-41AF-9A09-A803DE909D30}"
EndProject
Project("{FAE04EC0-301F-11D3-BF4B-00C04F79EFBC}") = "ToDoBlazor", "Modules\Build-Blazor-WebAssembly\src\ToDoBlazor\ToDoBlazor.csproj", "{578A2443-764C-4A33-B648-1ED66ACF3A40}"
EndProject
Global
	GlobalSection(SolutionConfigurationPlatforms) = preSolution
		Debug|Any CPU = Debug|Any CPU
		Release|Any CPU = Release|Any CPU
	EndGlobalSection
	GlobalSection(ProjectConfigurationPlatforms) = postSolution
		{578A2443-764C-4A33-B648-1ED66ACF3A40}.Debug|Any CPU.ActiveCfg = Debug|Any CPU
		{578A2443-764C-4A33-B648-1ED66ACF3A40}.Debug|Any CPU.Build.0 = Debug|Any CPU
		{578A2443-764C-4A33-B648-1ED66ACF3A40}.Release|Any CPU.ActiveCfg = Release|Any CPU
		{578A2443-764C-4A33-B648-1ED66ACF3A40}.Release|Any CPU.Build.0 = Release|Any CPU
	EndGlobalSection
	GlobalSection(SolutionProperties) = preSolution
		HideSolutionNode = FALSE
	EndGlobalSection
	GlobalSection(NestedProjects) = preSolution
		{8CC9F803-516A-40D6-BBD9-3498A166EB97} = {26971F98-D29C-42FB-BC58-47F6525AAFDD}
		{F78C3A1D-E275-41AF-9A09-A803DE909D30} = {8CC9F803-516A-40D6-BBD9-3498A166EB97}
		{578A2443-764C-4A33-B648-1ED66ACF3A40} = {F78C3A1D-E275-41AF-9A09-A803DE909D30}
	EndGlobalSection
	GlobalSection(ExtensibilityGlobals) = postSolution
		SolutionGuid = {FFAD22E5-E2B1-4045-A50E-8DCFCD26117B}
	EndGlobalSection
EndGlobal
